// !$*UTF8*$!
{
	archiveVersion = 1;
	classes = {
	};
	objectVersion = 51;
	objects = {

/* Begin PBXBuildFile section */
		1F7465A18582494B9C3BA559 /* awsconfiguration.json in Resources */ = {isa = PBXBuildFile; fileRef = 09B6013E1E394C6AB5FE66AA /* awsconfiguration.json */; };
		7D3052C3409F425994C50071 /* amplifyconfiguration.json in Resources */ = {isa = PBXBuildFile; fileRef = B94A158650EA43C281355F8E /* amplifyconfiguration.json */; };
		7EBF1F5EB634406DB972F928 /* Photo.swift in Sources */ = {isa = PBXBuildFile; fileRef = 58C32A4D536841B6BF8B70BC /* Photo.swift */; };
		9121B84E69CD77440797AD67 /* Pods_Cam_Gallery.framework in Frameworks */ = {isa = PBXBuildFile; fileRef = C4213216AB3A94912317AF1B /* Pods_Cam_Gallery.framework */; };
		91A635672C80492CA3734872 /* AmplifyModels.swift in Sources */ = {isa = PBXBuildFile; fileRef = 56C1292A6C9648A984C7156C /* AmplifyModels.swift */; };
		9EC559A4249C46C400D97104 /* AppDelegate.swift in Sources */ = {isa = PBXBuildFile; fileRef = 9EC559A3249C46C400D97104 /* AppDelegate.swift */; };
		9EC559A6249C46C400D97104 /* SceneDelegate.swift in Sources */ = {isa = PBXBuildFile; fileRef = 9EC559A5249C46C400D97104 /* SceneDelegate.swift */; };
		9EC559AA249C46C600D97104 /* Assets.xcassets in Resources */ = {isa = PBXBuildFile; fileRef = 9EC559A9249C46C600D97104 /* Assets.xcassets */; };
		9EC559AD249C46C600D97104 /* Preview Assets.xcassets in Resources */ = {isa = PBXBuildFile; fileRef = 9EC559AC249C46C600D97104 /* Preview Assets.xcassets */; };
		9EC559B0249C46C600D97104 /* LaunchScreen.storyboard in Resources */ = {isa = PBXBuildFile; fileRef = 9EC559AE249C46C600D97104 /* LaunchScreen.storyboard */; };
		9EC559B8249C470A00D97104 /* GalleryViewController.swift in Sources */ = {isa = PBXBuildFile; fileRef = 9EC559B7249C470A00D97104 /* GalleryViewController.swift */; };
		9EC559BA249C473F00D97104 /* GalleryView.swift in Sources */ = {isa = PBXBuildFile; fileRef = 9EC559B9249C473F00D97104 /* GalleryView.swift */; };
		9EC559BC249C4A9700D97104 /* GalleryCell.swift in Sources */ = {isa = PBXBuildFile; fileRef = 9EC559BB249C4A9700D97104 /* GalleryCell.swift */; };
		9EC559BE249C4EBF00D97104 /* ImageCache.swift in Sources */ = {isa = PBXBuildFile; fileRef = 9EC559BD249C4EBF00D97104 /* ImageCache.swift */; };
		9EC559C2249C516B00D97104 /* UIImageView+Extensions.swift in Sources */ = {isa = PBXBuildFile; fileRef = 9EC559C1249C516B00D97104 /* UIImageView+Extensions.swift */; };
		9EC559C4249C557700D97104 /* UICollectionViewLayout+Extensions.swift in Sources */ = {isa = PBXBuildFile; fileRef = 9EC559C3249C557700D97104 /* UICollectionViewLayout+Extensions.swift */; };
		9EC559C6249C59E600D97104 /* PhotoViewController.swift in Sources */ = {isa = PBXBuildFile; fileRef = 9EC559C5249C59E600D97104 /* PhotoViewController.swift */; };
		D51B0C1ABCD044C8B4C2E7AD /* Photo+Schema.swift in Sources */ = {isa = PBXBuildFile; fileRef = DC331B84E1B44E2BBC34507D /* Photo+Schema.swift */; };
/* End PBXBuildFile section */

/* Begin PBXFileReference section */
		09B6013E1E394C6AB5FE66AA /* awsconfiguration.json */ = {isa = PBXFileReference; explicitFileType = undefined; fileEncoding = 9; includeInIndex = 0; lastKnownFileType = unknown; path = awsconfiguration.json; sourceTree = "<group>"; };
		1BFA4CE3B92A2911FB225CA3 /* Pods-Cam-Gallery.debug.xcconfig */ = {isa = PBXFileReference; includeInIndex = 1; lastKnownFileType = text.xcconfig; name = "Pods-Cam-Gallery.debug.xcconfig"; path = "Target Support Files/Pods-Cam-Gallery/Pods-Cam-Gallery.debug.xcconfig"; sourceTree = "<group>"; };
		2B556A8083205EBADD292163 /* Pods-Cam-Gallery.release.xcconfig */ = {isa = PBXFileReference; includeInIndex = 1; lastKnownFileType = text.xcconfig; name = "Pods-Cam-Gallery.release.xcconfig"; path = "Target Support Files/Pods-Cam-Gallery/Pods-Cam-Gallery.release.xcconfig"; sourceTree = "<group>"; };
		56C1292A6C9648A984C7156C /* AmplifyModels.swift */ = {isa = PBXFileReference; explicitFileType = undefined; fileEncoding = 4; includeInIndex = 0; lastKnownFileType = sourcecode.swift; name = AmplifyModels.swift; path = amplify/generated/models/AmplifyModels.swift; sourceTree = "<group>"; };
		58C32A4D536841B6BF8B70BC /* Photo.swift */ = {isa = PBXFileReference; explicitFileType = undefined; fileEncoding = 4; includeInIndex = 0; lastKnownFileType = sourcecode.swift; name = Photo.swift; path = amplify/generated/models/Photo.swift; sourceTree = "<group>"; };
		93C57EE6BDD64C6C93812D45 /* schema.graphql */ = {isa = PBXFileReference; explicitFileType = undefined; fileEncoding = 4; includeInIndex = 0; lastKnownFileType = text; name = schema.graphql; path = amplify/backend/api/amplifyDatasource/schema.graphql; sourceTree = "<group>"; };
		9EC559A0249C46C400D97104 /* Cam-Gallery.app */ = {isa = PBXFileReference; explicitFileType = wrapper.application; includeInIndex = 0; path = "Cam-Gallery.app"; sourceTree = BUILT_PRODUCTS_DIR; };
		9EC559A3249C46C400D97104 /* AppDelegate.swift */ = {isa = PBXFileReference; lastKnownFileType = sourcecode.swift; path = AppDelegate.swift; sourceTree = "<group>"; };
		9EC559A5249C46C400D97104 /* SceneDelegate.swift */ = {isa = PBXFileReference; lastKnownFileType = sourcecode.swift; path = SceneDelegate.swift; sourceTree = "<group>"; };
		9EC559A9249C46C600D97104 /* Assets.xcassets */ = {isa = PBXFileReference; lastKnownFileType = folder.assetcatalog; path = Assets.xcassets; sourceTree = "<group>"; };
		9EC559AC249C46C600D97104 /* Preview Assets.xcassets */ = {isa = PBXFileReference; lastKnownFileType = folder.assetcatalog; path = "Preview Assets.xcassets"; sourceTree = "<group>"; };
		9EC559AF249C46C600D97104 /* Base */ = {isa = PBXFileReference; lastKnownFileType = file.storyboard; name = Base; path = Base.lproj/LaunchScreen.storyboard; sourceTree = "<group>"; };
		9EC559B1249C46C600D97104 /* Info.plist */ = {isa = PBXFileReference; lastKnownFileType = text.plist.xml; path = Info.plist; sourceTree = "<group>"; };
		9EC559B7249C470A00D97104 /* GalleryViewController.swift */ = {isa = PBXFileReference; lastKnownFileType = sourcecode.swift; path = GalleryViewController.swift; sourceTree = "<group>"; };
		9EC559B9249C473F00D97104 /* GalleryView.swift */ = {isa = PBXFileReference; lastKnownFileType = sourcecode.swift; path = GalleryView.swift; sourceTree = "<group>"; };
		9EC559BB249C4A9700D97104 /* GalleryCell.swift */ = {isa = PBXFileReference; lastKnownFileType = sourcecode.swift; path = GalleryCell.swift; sourceTree = "<group>"; };
		9EC559BD249C4EBF00D97104 /* ImageCache.swift */ = {isa = PBXFileReference; lastKnownFileType = sourcecode.swift; path = ImageCache.swift; sourceTree = "<group>"; };
		9EC559C1249C516B00D97104 /* UIImageView+Extensions.swift */ = {isa = PBXFileReference; lastKnownFileType = sourcecode.swift; path = "UIImageView+Extensions.swift"; sourceTree = "<group>"; };
		9EC559C3249C557700D97104 /* UICollectionViewLayout+Extensions.swift */ = {isa = PBXFileReference; lastKnownFileType = sourcecode.swift; path = "UICollectionViewLayout+Extensions.swift"; sourceTree = "<group>"; };
		9EC559C5249C59E600D97104 /* PhotoViewController.swift */ = {isa = PBXFileReference; lastKnownFileType = sourcecode.swift; path = PhotoViewController.swift; sourceTree = "<group>"; };
		B94A158650EA43C281355F8E /* amplifyconfiguration.json */ = {isa = PBXFileReference; explicitFileType = undefined; fileEncoding = 9; includeInIndex = 0; lastKnownFileType = unknown; path = amplifyconfiguration.json; sourceTree = "<group>"; };
		C4213216AB3A94912317AF1B /* Pods_Cam_Gallery.framework */ = {isa = PBXFileReference; explicitFileType = wrapper.framework; includeInIndex = 0; path = Pods_Cam_Gallery.framework; sourceTree = BUILT_PRODUCTS_DIR; };
		DC331B84E1B44E2BBC34507D /* Photo+Schema.swift */ = {isa = PBXFileReference; explicitFileType = undefined; fileEncoding = 4; includeInIndex = 0; lastKnownFileType = sourcecode.swift; name = "Photo+Schema.swift"; path = "amplify/generated/models/Photo+Schema.swift"; sourceTree = "<group>"; };
		DDE8C8768D964F5587610489 /* amplifytools.xcconfig */ = {isa = PBXFileReference; explicitFileType = undefined; fileEncoding = 4; includeInIndex = 0; lastKnownFileType = text.xcconfig; path = amplifytools.xcconfig; sourceTree = "<group>"; };
/* End PBXFileReference section */

/* Begin PBXFrameworksBuildPhase section */
		9EC5599D249C46C300D97104 /* Frameworks */ = {
			isa = PBXFrameworksBuildPhase;
			buildActionMask = 2147483647;
			files = (
				9121B84E69CD77440797AD67 /* Pods_Cam_Gallery.framework in Frameworks */,
			);
			runOnlyForDeploymentPostprocessing = 0;
		};
/* End PBXFrameworksBuildPhase section */

/* Begin PBXGroup section */
		54B968A3598140EF9D9C3CD3 /* AmplifyModels */ = {
			isa = PBXGroup;
			children = (
				56C1292A6C9648A984C7156C /* AmplifyModels.swift */,
				58C32A4D536841B6BF8B70BC /* Photo.swift */,
				DC331B84E1B44E2BBC34507D /* Photo+Schema.swift */,
			);
			name = AmplifyModels;
			path = .;
			sourceTree = "<group>";
		};
		712467973D3DA3503EB0D06E /* Pods */ = {
			isa = PBXGroup;
			children = (
				1BFA4CE3B92A2911FB225CA3 /* Pods-Cam-Gallery.debug.xcconfig */,
				2B556A8083205EBADD292163 /* Pods-Cam-Gallery.release.xcconfig */,
			);
			path = Pods;
			sourceTree = "<group>";
		};
		883E6B649B1FFBF0F32619AB /* Frameworks */ = {
			isa = PBXGroup;
			children = (
				C4213216AB3A94912317AF1B /* Pods_Cam_Gallery.framework */,
			);
			name = Frameworks;
			sourceTree = "<group>";
		};
		9EC55997249C46C300D97104 = {
			isa = PBXGroup;
			children = (
				54B968A3598140EF9D9C3CD3 /* AmplifyModels */,
				EDB086F2D9C34EC8868BDDED /* AmplifyConfig */,
				9EC559A2249C46C400D97104 /* Cam-Gallery */,
				9EC559A1249C46C400D97104 /* Products */,
				712467973D3DA3503EB0D06E /* Pods */,
				883E6B649B1FFBF0F32619AB /* Frameworks */,
			);
			sourceTree = "<group>";
		};
		9EC559A1249C46C400D97104 /* Products */ = {
			isa = PBXGroup;
			children = (
				9EC559A0249C46C400D97104 /* Cam-Gallery.app */,
			);
			name = Products;
			sourceTree = "<group>";
		};
		9EC559A2249C46C400D97104 /* Cam-Gallery */ = {
			isa = PBXGroup;
			children = (
				9EC559A3249C46C400D97104 /* AppDelegate.swift */,
				9EC559A5249C46C400D97104 /* SceneDelegate.swift */,
				9EC559A9249C46C600D97104 /* Assets.xcassets */,
				9EC559AE249C46C600D97104 /* LaunchScreen.storyboard */,
				9EC559B1249C46C600D97104 /* Info.plist */,
				9EC559B7249C470A00D97104 /* GalleryViewController.swift */,
				9EC559B9249C473F00D97104 /* GalleryView.swift */,
				9EC559BB249C4A9700D97104 /* GalleryCell.swift */,
				9EC559BD249C4EBF00D97104 /* ImageCache.swift */,
				9EC559C1249C516B00D97104 /* UIImageView+Extensions.swift */,
				9EC559C3249C557700D97104 /* UICollectionViewLayout+Extensions.swift */,
				9EC559C5249C59E600D97104 /* PhotoViewController.swift */,
				9EC559AB249C46C600D97104 /* Preview Content */,
			);
			path = "Cam-Gallery";
			sourceTree = "<group>";
		};
		9EC559AB249C46C600D97104 /* Preview Content */ = {
			isa = PBXGroup;
			children = (
				9EC559AC249C46C600D97104 /* Preview Assets.xcassets */,
			);
			path = "Preview Content";
			sourceTree = "<group>";
		};
		EDB086F2D9C34EC8868BDDED /* AmplifyConfig */ = {
			isa = PBXGroup;
			children = (
				DDE8C8768D964F5587610489 /* amplifytools.xcconfig */,
				B94A158650EA43C281355F8E /* amplifyconfiguration.json */,
				09B6013E1E394C6AB5FE66AA /* awsconfiguration.json */,
				93C57EE6BDD64C6C93812D45 /* schema.graphql */,
			);
			name = AmplifyConfig;
			path = .;
			sourceTree = "<group>";
		};
/* End PBXGroup section */

/* Begin PBXNativeTarget section */
		9EC5599F249C46C300D97104 /* Cam-Gallery */ = {
			isa = PBXNativeTarget;
			buildConfigurationList = 9EC559B4249C46C600D97104 /* Build configuration list for PBXNativeTarget "Cam-Gallery" */;
			buildPhases = (
				644C472CF1A78C6337346173 /* [CP] Check Pods Manifest.lock */,
				9E9651E4249C5F4A00B9F490 /* Run Amplify Tools */,
				9EC5599C249C46C300D97104 /* Sources */,
				9EC5599D249C46C300D97104 /* Frameworks */,
				9EC5599E249C46C300D97104 /* Resources */,
				F6611D44C929200929E9A610 /* [CP] Embed Pods Frameworks */,
			);
			buildRules = (
			);
			dependencies = (
			);
			name = "Cam-Gallery";
			productName = "Cam-Gallery";
			productReference = 9EC559A0249C46C400D97104 /* Cam-Gallery.app */;
			productType = "com.apple.product-type.application";
		};
/* End PBXNativeTarget section */

/* Begin PBXProject section */
		9EC55998249C46C300D97104 /* Project object */ = {
			isa = PBXProject;
			attributes = {
				LastSwiftUpdateCheck = 1150;
				LastUpgradeCheck = 1150;
				ORGANIZATIONNAME = "Kilo Loco";
				TargetAttributes = {
					9EC5599F249C46C300D97104 = {
						CreatedOnToolsVersion = 11.5;
					};
				};
			};
			buildConfigurationList = 9EC5599B249C46C300D97104 /* Build configuration list for PBXProject "Cam-Gallery" */;
			compatibilityVersion = "Xcode 9.3";
			developmentRegion = en;
			hasScannedForEncodings = 0;
			knownRegions = (
				en,
				Base,
			);
			mainGroup = 9EC55997249C46C300D97104;
			productRefGroup = 9EC559A1249C46C400D97104 /* Products */;
			projectDirPath = "";
			projectRoot = "";
			targets = (
				9EC5599F249C46C300D97104 /* Cam-Gallery */,
			);
		};
/* End PBXProject section */

/* Begin PBXResourcesBuildPhase section */
		9EC5599E249C46C300D97104 /* Resources */ = {
			isa = PBXResourcesBuildPhase;
			buildActionMask = 2147483647;
			files = (
				9EC559B0249C46C600D97104 /* LaunchScreen.storyboard in Resources */,
				9EC559AD249C46C600D97104 /* Preview Assets.xcassets in Resources */,
				9EC559AA249C46C600D97104 /* Assets.xcassets in Resources */,
				7D3052C3409F425994C50071 /* amplifyconfiguration.json in Resources */,
				1F7465A18582494B9C3BA559 /* awsconfiguration.json in Resources */,
			);
			runOnlyForDeploymentPostprocessing = 0;
		};
/* End PBXResourcesBuildPhase section */

/* Begin PBXShellScriptBuildPhase section */
		644C472CF1A78C6337346173 /* [CP] Check Pods Manifest.lock */ = {
			isa = PBXShellScriptBuildPhase;
			buildActionMask = 2147483647;
			files = (
			);
			inputFileListPaths = (
			);
			inputPaths = (
				"${PODS_PODFILE_DIR_PATH}/Podfile.lock",
				"${PODS_ROOT}/Manifest.lock",
			);
			name = "[CP] Check Pods Manifest.lock";
			outputFileListPaths = (
			);
			outputPaths = (
				"$(DERIVED_FILE_DIR)/Pods-Cam-Gallery-checkManifestLockResult.txt",
			);
			runOnlyForDeploymentPostprocessing = 0;
			shellPath = /bin/sh;
			shellScript = "diff \"${PODS_PODFILE_DIR_PATH}/Podfile.lock\" \"${PODS_ROOT}/Manifest.lock\" > /dev/null\nif [ $? != 0 ] ; then\n    # print error to STDERR\n    echo \"error: The sandbox is not in sync with the Podfile.lock. Run 'pod install' or update your CocoaPods installation.\" >&2\n    exit 1\nfi\n# This output is used by Xcode 'outputs' to avoid re-running this script phase.\necho \"SUCCESS\" > \"${SCRIPT_OUTPUT_FILE_0}\"\n";
			showEnvVarsInLog = 0;
		};
		9E9651E4249C5F4A00B9F490 /* Run Amplify Tools */ = {
			isa = PBXShellScriptBuildPhase;
			buildActionMask = 2147483647;
			files = (
			);
			inputFileListPaths = (
			);
			inputPaths = (
			);
			name = "Run Amplify Tools";
			outputFileListPaths = (
			);
			outputPaths = (
			);
			runOnlyForDeploymentPostprocessing = 0;
			shellPath = /bin/sh;
			shellScript = "\"${PODS_ROOT}/AmplifyTools/amplify-tools.sh\"\n";
		};
		F6611D44C929200929E9A610 /* [CP] Embed Pods Frameworks */ = {
			isa = PBXShellScriptBuildPhase;
			buildActionMask = 2147483647;
			files = (
			);
			inputFileListPaths = (
				"${PODS_ROOT}/Target Support Files/Pods-Cam-Gallery/Pods-Cam-Gallery-frameworks-${CONFIGURATION}-input-files.xcfilelist",
			);
			name = "[CP] Embed Pods Frameworks";
			outputFileListPaths = (
				"${PODS_ROOT}/Target Support Files/Pods-Cam-Gallery/Pods-Cam-Gallery-frameworks-${CONFIGURATION}-output-files.xcfilelist",
			);
			runOnlyForDeploymentPostprocessing = 0;
			shellPath = /bin/sh;
			shellScript = "\"${PODS_ROOT}/Target Support Files/Pods-Cam-Gallery/Pods-Cam-Gallery-frameworks.sh\"\n";
			showEnvVarsInLog = 0;
		};
/* End PBXShellScriptBuildPhase section */

/* Begin PBXSourcesBuildPhase section */
		9EC5599C249C46C300D97104 /* Sources */ = {
			isa = PBXSourcesBuildPhase;
			buildActionMask = 2147483647;
			files = (
				9EC559C4249C557700D97104 /* UICollectionViewLayout+Extensions.swift in Sources */,
				9EC559BE249C4EBF00D97104 /* ImageCache.swift in Sources */,
				9EC559B8249C470A00D97104 /* GalleryViewController.swift in Sources */,
				9EC559BC249C4A9700D97104 /* GalleryCell.swift in Sources */,
				9EC559A4249C46C400D97104 /* AppDelegate.swift in Sources */,
				9EC559A6249C46C400D97104 /* SceneDelegate.swift in Sources */,
				9EC559C2249C516B00D97104 /* UIImageView+Extensions.swift in Sources */,
				9EC559BA249C473F00D97104 /* GalleryView.swift in Sources */,
				9EC559C6249C59E600D97104 /* PhotoViewController.swift in Sources */,
				91A635672C80492CA3734872 /* AmplifyModels.swift in Sources */,
				7EBF1F5EB634406DB972F928 /* Photo.swift in Sources */,
				D51B0C1ABCD044C8B4C2E7AD /* Photo+Schema.swift in Sources */,
			);
			runOnlyForDeploymentPostprocessing = 0;
		};
/* End PBXSourcesBuildPhase section */

/* Begin PBXVariantGroup section */
		9EC559AE249C46C600D97104 /* LaunchScreen.storyboard */ = {
			isa = PBXVariantGroup;
			children = (
				9EC559AF249C46C600D97104 /* Base */,
			);
			name = LaunchScreen.storyboard;
			sourceTree = "<group>";
		};
/* End PBXVariantGroup section */

/* Begin XCBuildConfiguration section */
		9EC559B2249C46C600D97104 /* Debug */ = {
			isa = XCBuildConfiguration;
			buildSettings = {
				ALWAYS_SEARCH_USER_PATHS = NO;
				CLANG_ANALYZER_NONNULL = YES;
				CLANG_ANALYZER_NUMBER_OBJECT_CONVERSION = YES_AGGRESSIVE;
				CLANG_CXX_LANGUAGE_STANDARD = "gnu++14";
				CLANG_CXX_LIBRARY = "libc++";
				CLANG_ENABLE_MODULES = YES;
				CLANG_ENABLE_OBJC_ARC = YES;
				CLANG_ENABLE_OBJC_WEAK = YES;
				CLANG_WARN_BLOCK_CAPTURE_AUTORELEASING = YES;
				CLANG_WARN_BOOL_CONVERSION = YES;
				CLANG_WARN_COMMA = YES;
				CLANG_WARN_CONSTANT_CONVERSION = YES;
				CLANG_WARN_DEPRECATED_OBJC_IMPLEMENTATIONS = YES;
				CLANG_WARN_DIRECT_OBJC_ISA_USAGE = YES_ERROR;
				CLANG_WARN_DOCUMENTATION_COMMENTS = YES;
				CLANG_WARN_EMPTY_BODY = YES;
				CLANG_WARN_ENUM_CONVERSION = YES;
				CLANG_WARN_INFINITE_RECURSION = YES;
				CLANG_WARN_INT_CONVERSION = YES;
				CLANG_WARN_NON_LITERAL_NULL_CONVERSION = YES;
				CLANG_WARN_OBJC_IMPLICIT_RETAIN_SELF = YES;
				CLANG_WARN_OBJC_LITERAL_CONVERSION = YES;
				CLANG_WARN_OBJC_ROOT_CLASS = YES_ERROR;
				CLANG_WARN_RANGE_LOOP_ANALYSIS = YES;
				CLANG_WARN_STRICT_PROTOTYPES = YES;
				CLANG_WARN_SUSPICIOUS_MOVE = YES;
				CLANG_WARN_UNGUARDED_AVAILABILITY = YES_AGGRESSIVE;
				CLANG_WARN_UNREACHABLE_CODE = YES;
				CLANG_WARN__DUPLICATE_METHOD_MATCH = YES;
				COPY_PHASE_STRIP = NO;
				DEBUG_INFORMATION_FORMAT = dwarf;
				ENABLE_STRICT_OBJC_MSGSEND = YES;
				ENABLE_TESTABILITY = YES;
				GCC_C_LANGUAGE_STANDARD = gnu11;
				GCC_DYNAMIC_NO_PIC = NO;
				GCC_NO_COMMON_BLOCKS = YES;
				GCC_OPTIMIZATION_LEVEL = 0;
				GCC_PREPROCESSOR_DEFINITIONS = (
					"DEBUG=1",
					"$(inherited)",
				);
				GCC_WARN_64_TO_32_BIT_CONVERSION = YES;
				GCC_WARN_ABOUT_RETURN_TYPE = YES_ERROR;
				GCC_WARN_UNDECLARED_SELECTOR = YES;
				GCC_WARN_UNINITIALIZED_AUTOS = YES_AGGRESSIVE;
				GCC_WARN_UNUSED_FUNCTION = YES;
				GCC_WARN_UNUSED_VARIABLE = YES;
				IPHONEOS_DEPLOYMENT_TARGET = 13.5;
				MTL_ENABLE_DEBUG_INFO = INCLUDE_SOURCE;
				MTL_FAST_MATH = YES;
				ONLY_ACTIVE_ARCH = YES;
				SDKROOT = iphoneos;
				SWIFT_ACTIVE_COMPILATION_CONDITIONS = DEBUG;
				SWIFT_OPTIMIZATION_LEVEL = "-Onone";
			};
			name = Debug;
		};
		9EC559B3249C46C600D97104 /* Release */ = {
			isa = XCBuildConfiguration;
			buildSettings = {
				ALWAYS_SEARCH_USER_PATHS = NO;
				CLANG_ANALYZER_NONNULL = YES;
				CLANG_ANALYZER_NUMBER_OBJECT_CONVERSION = YES_AGGRESSIVE;
				CLANG_CXX_LANGUAGE_STANDARD = "gnu++14";
				CLANG_CXX_LIBRARY = "libc++";
				CLANG_ENABLE_MODULES = YES;
				CLANG_ENABLE_OBJC_ARC = YES;
				CLANG_ENABLE_OBJC_WEAK = YES;
				CLANG_WARN_BLOCK_CAPTURE_AUTORELEASING = YES;
				CLANG_WARN_BOOL_CONVERSION = YES;
				CLANG_WARN_COMMA = YES;
				CLANG_WARN_CONSTANT_CONVERSION = YES;
				CLANG_WARN_DEPRECATED_OBJC_IMPLEMENTATIONS = YES;
				CLANG_WARN_DIRECT_OBJC_ISA_USAGE = YES_ERROR;
				CLANG_WARN_DOCUMENTATION_COMMENTS = YES;
				CLANG_WARN_EMPTY_BODY = YES;
				CLANG_WARN_ENUM_CONVERSION = YES;
				CLANG_WARN_INFINITE_RECURSION = YES;
				CLANG_WARN_INT_CONVERSION = YES;
				CLANG_WARN_NON_LITERAL_NULL_CONVERSION = YES;
				CLANG_WARN_OBJC_IMPLICIT_RETAIN_SELF = YES;
				CLANG_WARN_OBJC_LITERAL_CONVERSION = YES;
				CLANG_WARN_OBJC_ROOT_CLASS = YES_ERROR;
				CLANG_WARN_RANGE_LOOP_ANALYSIS = YES;
				CLANG_WARN_STRICT_PROTOTYPES = YES;
				CLANG_WARN_SUSPICIOUS_MOVE = YES;
				CLANG_WARN_UNGUARDED_AVAILABILITY = YES_AGGRESSIVE;
				CLANG_WARN_UNREACHABLE_CODE = YES;
				CLANG_WARN__DUPLICATE_METHOD_MATCH = YES;
				COPY_PHASE_STRIP = NO;
				DEBUG_INFORMATION_FORMAT = "dwarf-with-dsym";
				ENABLE_NS_ASSERTIONS = NO;
				ENABLE_STRICT_OBJC_MSGSEND = YES;
				GCC_C_LANGUAGE_STANDARD = gnu11;
				GCC_NO_COMMON_BLOCKS = YES;
				GCC_WARN_64_TO_32_BIT_CONVERSION = YES;
				GCC_WARN_ABOUT_RETURN_TYPE = YES_ERROR;
				GCC_WARN_UNDECLARED_SELECTOR = YES;
				GCC_WARN_UNINITIALIZED_AUTOS = YES_AGGRESSIVE;
				GCC_WARN_UNUSED_FUNCTION = YES;
				GCC_WARN_UNUSED_VARIABLE = YES;
				IPHONEOS_DEPLOYMENT_TARGET = 13.5;
				MTL_ENABLE_DEBUG_INFO = NO;
				MTL_FAST_MATH = YES;
				SDKROOT = iphoneos;
				SWIFT_COMPILATION_MODE = wholemodule;
				SWIFT_OPTIMIZATION_LEVEL = "-O";
				VALIDATE_PRODUCT = YES;
			};
			name = Release;
		};
		9EC559B5249C46C600D97104 /* Debug */ = {
			isa = XCBuildConfiguration;
			baseConfigurationReference = 1BFA4CE3B92A2911FB225CA3 /* Pods-Cam-Gallery.debug.xcconfig */;
			buildSettings = {
				ASSETCATALOG_COMPILER_APPICON_NAME = AppIcon;
				CODE_SIGN_STYLE = Automatic;
				DEVELOPMENT_ASSET_PATHS = "\"Cam-Gallery/Preview Content\"";
				DEVELOPMENT_TEAM = 5K99777NES;
				ENABLE_PREVIEWS = YES;
				INFOPLIST_FILE = "Cam-Gallery/Info.plist";
				LD_RUNPATH_SEARCH_PATHS = (
					"$(inherited)",
					"@executable_path/Frameworks",
				);
				PRODUCT_BUNDLE_IDENTIFIER = "com.kiloloco.Cam-Gallery";
				PRODUCT_NAME = "$(TARGET_NAME)";
				SWIFT_VERSION = 5.0;
				TARGETED_DEVICE_FAMILY = "1,2";
			};
			name = Debug;
		};
		9EC559B6249C46C600D97104 /* Release */ = {
			isa = XCBuildConfiguration;
			baseConfigurationReference = 2B556A8083205EBADD292163 /* Pods-Cam-Gallery.release.xcconfig */;
			buildSettings = {
				ASSETCATALOG_COMPILER_APPICON_NAME = AppIcon;
				CODE_SIGN_STYLE = Automatic;
				DEVELOPMENT_ASSET_PATHS = "\"Cam-Gallery/Preview Content\"";
				DEVELOPMENT_TEAM = 5K99777NES;
				ENABLE_PREVIEWS = YES;
				INFOPLIST_FILE = "Cam-Gallery/Info.plist";
				LD_RUNPATH_SEARCH_PATHS = (
					"$(inherited)",
					"@executable_path/Frameworks",
				);
				PRODUCT_BUNDLE_IDENTIFIER = "com.kiloloco.Cam-Gallery";
				PRODUCT_NAME = "$(TARGET_NAME)";
				SWIFT_VERSION = 5.0;
				TARGETED_DEVICE_FAMILY = "1,2";
			};
			name = Release;
		};
/* End XCBuildConfiguration section */

/* Begin XCConfigurationList section */
		9EC5599B249C46C300D97104 /* Build configuration list for PBXProject "Cam-Gallery" */ = {
			isa = XCConfigurationList;
			buildConfigurations = (
				9EC559B2249C46C600D97104 /* Debug */,
				9EC559B3249C46C600D97104 /* Release */,
			);
			defaultConfigurationIsVisible = 0;
			defaultConfigurationName = Release;
		};
		9EC559B4249C46C600D97104 /* Build configuration list for PBXNativeTarget "Cam-Gallery" */ = {
			isa = XCConfigurationList;
			buildConfigurations = (
				9EC559B5249C46C600D97104 /* Debug */,
				9EC559B6249C46C600D97104 /* Release */,
			);
			defaultConfigurationIsVisible = 0;
			defaultConfigurationName = Release;
		};
/* End XCConfigurationList section */
	};
	rootObject = 9EC55998249C46C300D97104 /* Project object */;
}
